
Microsoft Visual Studio Solution File, Format Version 12.00
# Visual Studio Version 17
VisualStudioVersion = 17.13.35931.197 d17.13
MinimumVisualStudioVersion = 10.0.40219.1
Project("{FAE04EC0-301F-11D3-BF4B-00C04F79EFBC}") = "10_3", "10_3\10_3.csproj", "{888F099E-B5C7-42FF-978C-A3B5E0703B33}"
EndProject
Global
	GlobalSection(SolutionConfigurationPlatforms) = preSolution
		Debug|Any CPU = Debug|Any CPU
		Release|Any CPU = Release|Any CPU
	EndGlobalSection
	GlobalSection(ProjectConfigurationPlatforms) = postSolution
		{888F099E-B5C7-42FF-978C-A3B5E0703B33}.Debug|Any CPU.ActiveCfg = Debug|Any CPU
		{888F099E-B5C7-42FF-978C-A3B5E0703B33}.Debug|Any CPU.Build.0 = Debug|Any CPU
		{888F099E-B5C7-42FF-978C-A3B5E0703B33}.Release|Any CPU.ActiveCfg = Release|Any CPU
		{888F099E-B5C7-42FF-978C-A3B5E0703B33}.Release|Any CPU.Build.0 = Release|Any CPU
	EndGlobalSection
	GlobalSection(SolutionProperties) = preSolution
		HideSolutionNode = FALSE
	EndGlobalSection
	GlobalSection(ExtensibilityGlobals) = postSolution
		SolutionGuid = {FD53A5DD-4419-4F75-8738-3B40C1171E36}
	EndGlobalSection
EndGlobal
